PODS:
  - FlowFramework (1.9.0)
  - PresentationFramework (1.13.0):
    - FlowFramework (>= 1.8.4)
    - Runtime (= 2.2.2)
    - Swifter (~> 1.5.0)
  - Runtime (2.2.2)
  - Swifter (1.5.0)

DEPENDENCIES:
  - PresentationFramework (from `../..`)

SPEC REPOS:
  trunk:
    - FlowFramework
    - Runtime
    - Swifter

EXTERNAL SOURCES:
  PresentationFramework:
    :path: "../.."

SPEC CHECKSUMS:
  FlowFramework: 57e51bf40bd20ecb453863306551d2cb3ac4e04e
  PresentationFramework: c8ff1e8239d72d1a093ea7d39bc90b7e8e02c4db
  Runtime: 67741bd196fb4ad821c4d259ccc527bf734d8806
  Swifter: e71dd674404923d7f03ebb03f3f222d1c570bc8e

PODFILE CHECKSUM: d9a7e3938dc494cd29293654253fb1512234334c

COCOAPODS: 1.10.1
