PODS:
  - FlowFramework (1.9.0)
  - PresentationFramework (1.13.0):
    - FlowFramework (>= 1.8.4)

DEPENDENCIES:
  - PresentationFramework (from `../..`)

SPEC REPOS:
  trunk:
    - FlowFramework

EXTERNAL SOURCES:
  PresentationFramework:
    :path: "../.."

SPEC CHECKSUMS:
  FlowFramework: 57e51bf40bd20ecb453863306551d2cb3ac4e04e
  PresentationFramework: b3d3a18bbc93f7ac84d6ef2b6fb7fe0b22e24cd1

PODFILE CHECKSUM: d9a7e3938dc494cd29293654253fb1512234334c

COCOAPODS: 1.10.1
