{
  "object": {
    "pins": [
      {
        "package": "Flow",
        "repositoryURL": "https://github.com/hedviginsurance/flow",
        "state": {
          "branch": "master",
          "revision": "86770ad259e711a182fee15500d0648e680559a9",
          "version": null
        }
      }
    ]
  },
  "version": 1
}
