{
  "object": {
    "pins": [
      {
        "package": "Flow",
        "repositoryURL": "https://github.com/hedviginsurance/Flow",
        "state": {
          "branch": null,
          "revision": "7f25f935456e35599026501c6ba941b5ac8c7faa",
          "version": "1.8.6"
        }
      }
    ]
  },
  "version": 1
}
