{
  "object": {
    "pins": [
      {
        "package": "Flow",
        "repositoryURL": "https://github.com/HedvigInsurance/Flow",
        "state": {
          "branch": "master",
          "revision": "e6e4b928b5fb6decfd3e055aafa5311282f64d9c",
          "version": null
        }
      }
    ]
  },
  "version": 1
}
