{
  "object": {
    "pins": [
      {
        "package": "Flow",
        "repositoryURL": "https://github.com/HedvigInsurance/Flow",
        "state": {
          "branch": "master",
          "revision": "18a24f61fc9279b49019464c9aa7ac64934b4829",
          "version": null
        }
      }
    ]
  },
  "version": 1
}
